<Solution>
  <Project Path="Sample/Sample.csproj" />
  <Project Path="TerminalNinja.Tests/TerminalNinja.Tests.csproj" />
  <Project Path="TerminalNinja/TerminalNinja.csproj" />
  <Project Path="TerminalNinja.Skia/TerminalNinja.Skia.csproj" />
  <Project Path="TerminalNinja.Generators/TerminalNinja.Generators.csproj" />
  <Project Path="TerminalNinja.Cli/TerminalNinja.Cli.csproj" />
  <Project Path="TerminalNinja.Wasm/TerminalNinja.Wasm.csproj" />
</Solution>
